
Microsoft Visual Studio Solution File, Format Version 12.00
# Visual Studio Version 17
VisualStudioVersion = 17.0.31903.59
MinimumVisualStudioVersion = 10.0.40219.1
Project("{9A19103F-16F7-4668-BE54-9A1E7A4F7556}") = "day1", "day1\day1.csproj", "{6DB72E13-C6B2-455C-BFB7-19CB925DC87D}"
EndProject
Project("{9A19103F-16F7-4668-BE54-9A1E7A4F7556}") = "day2", "day2\day2.csproj", "{6E27817E-BD26-4FEA-8CA2-D3FE223F915E}"
EndProject
Project("{9A19103F-16F7-4668-BE54-9A1E7A4F7556}") = "day3", "day3\day3.csproj", "{34D7E85F-A6DC-43A9-B96D-0525BA851BB9}"
EndProject
Project("{9A19103F-16F7-4668-BE54-9A1E7A4F7556}") = "day5", "day5\day5.csproj", "{B74CD5A3-A081-4A89-BA39-4D37C8217D15}"
EndProject
Project("{9A19103F-16F7-4668-BE54-9A1E7A4F7556}") = "day6", "day6\day6.csproj", "{45997EA4-A7A5-4ED3-AB7B-962925A87FCA}"
EndProject
Project("{2150E333-8FDC-42A3-9474-1A3956D46DE8}") = "day4", "day4", "{A1595204-0BDB-4138-82BD-08CD6B6C4D6E}"
EndProject
Project("{9A19103F-16F7-4668-BE54-9A1E7A4F7556}") = "day4", "day4\day4\day4.csproj", "{4803736F-531F-44C1-BD2A-FB2D236CFDC7}"
EndProject
Project("{9A19103F-16F7-4668-BE54-9A1E7A4F7556}") = "day4test", "day4\day4test\day4test.csproj", "{A291AFE7-4391-442F-84A6-F3A6832EC117}"
EndProject
Project("{6EC3EE1D-3C4E-46DD-8F32-0CC8E7565705}") = "day6-fsharp", "day6-fsharp\day6-fsharp.fsproj", "{059F69DF-72AC-4134-8412-5B115365DC58}"
EndProject
Project("{9A19103F-16F7-4668-BE54-9A1E7A4F7556}") = "day7", "day7\day7.csproj", "{71CC3922-9526-4F3F-BCC2-C5495EA55FFC}"
EndProject
Project("{9A19103F-16F7-4668-BE54-9A1E7A4F7556}") = "day8", "day8\day8.csproj", "{C377A0C4-BF81-40EC-96E4-A15A09A3F13B}"
EndProject
Project("{FAE04EC0-301F-11D3-BF4B-00C04F79EFBC}") = "day9", "day9\day9.csproj", "{DCD120A5-F962-4BC6-8B62-FDE69DB7911C}"
EndProject
Global
	GlobalSection(SolutionConfigurationPlatforms) = preSolution
		Debug|Any CPU = Debug|Any CPU
		Release|Any CPU = Release|Any CPU
	EndGlobalSection
	GlobalSection(ProjectConfigurationPlatforms) = postSolution
		{6DB72E13-C6B2-455C-BFB7-19CB925DC87D}.Debug|Any CPU.ActiveCfg = Debug|Any CPU
		{6DB72E13-C6B2-455C-BFB7-19CB925DC87D}.Debug|Any CPU.Build.0 = Debug|Any CPU
		{6DB72E13-C6B2-455C-BFB7-19CB925DC87D}.Release|Any CPU.ActiveCfg = Release|Any CPU
		{6DB72E13-C6B2-455C-BFB7-19CB925DC87D}.Release|Any CPU.Build.0 = Release|Any CPU
		{6E27817E-BD26-4FEA-8CA2-D3FE223F915E}.Debug|Any CPU.ActiveCfg = Debug|Any CPU
		{6E27817E-BD26-4FEA-8CA2-D3FE223F915E}.Debug|Any CPU.Build.0 = Debug|Any CPU
		{6E27817E-BD26-4FEA-8CA2-D3FE223F915E}.Release|Any CPU.ActiveCfg = Release|Any CPU
		{6E27817E-BD26-4FEA-8CA2-D3FE223F915E}.Release|Any CPU.Build.0 = Release|Any CPU
		{34D7E85F-A6DC-43A9-B96D-0525BA851BB9}.Debug|Any CPU.ActiveCfg = Debug|Any CPU
		{34D7E85F-A6DC-43A9-B96D-0525BA851BB9}.Debug|Any CPU.Build.0 = Debug|Any CPU
		{34D7E85F-A6DC-43A9-B96D-0525BA851BB9}.Release|Any CPU.ActiveCfg = Release|Any CPU
		{34D7E85F-A6DC-43A9-B96D-0525BA851BB9}.Release|Any CPU.Build.0 = Release|Any CPU
		{B74CD5A3-A081-4A89-BA39-4D37C8217D15}.Debug|Any CPU.ActiveCfg = Debug|Any CPU
		{B74CD5A3-A081-4A89-BA39-4D37C8217D15}.Debug|Any CPU.Build.0 = Debug|Any CPU
		{B74CD5A3-A081-4A89-BA39-4D37C8217D15}.Release|Any CPU.ActiveCfg = Release|Any CPU
		{B74CD5A3-A081-4A89-BA39-4D37C8217D15}.Release|Any CPU.Build.0 = Release|Any CPU
		{45997EA4-A7A5-4ED3-AB7B-962925A87FCA}.Debug|Any CPU.ActiveCfg = Debug|Any CPU
		{45997EA4-A7A5-4ED3-AB7B-962925A87FCA}.Debug|Any CPU.Build.0 = Debug|Any CPU
		{45997EA4-A7A5-4ED3-AB7B-962925A87FCA}.Release|Any CPU.ActiveCfg = Release|Any CPU
		{45997EA4-A7A5-4ED3-AB7B-962925A87FCA}.Release|Any CPU.Build.0 = Release|Any CPU
		{4803736F-531F-44C1-BD2A-FB2D236CFDC7}.Debug|Any CPU.ActiveCfg = Debug|Any CPU
		{4803736F-531F-44C1-BD2A-FB2D236CFDC7}.Debug|Any CPU.Build.0 = Debug|Any CPU
		{4803736F-531F-44C1-BD2A-FB2D236CFDC7}.Release|Any CPU.ActiveCfg = Release|Any CPU
		{4803736F-531F-44C1-BD2A-FB2D236CFDC7}.Release|Any CPU.Build.0 = Release|Any CPU
		{A291AFE7-4391-442F-84A6-F3A6832EC117}.Debug|Any CPU.ActiveCfg = Debug|Any CPU
		{A291AFE7-4391-442F-84A6-F3A6832EC117}.Debug|Any CPU.Build.0 = Debug|Any CPU
		{A291AFE7-4391-442F-84A6-F3A6832EC117}.Release|Any CPU.ActiveCfg = Release|Any CPU
		{A291AFE7-4391-442F-84A6-F3A6832EC117}.Release|Any CPU.Build.0 = Release|Any CPU
		{059F69DF-72AC-4134-8412-5B115365DC58}.Debug|Any CPU.ActiveCfg = Debug|Any CPU
		{059F69DF-72AC-4134-8412-5B115365DC58}.Debug|Any CPU.Build.0 = Debug|Any CPU
		{059F69DF-72AC-4134-8412-5B115365DC58}.Release|Any CPU.ActiveCfg = Release|Any CPU
		{059F69DF-72AC-4134-8412-5B115365DC58}.Release|Any CPU.Build.0 = Release|Any CPU
		{71CC3922-9526-4F3F-BCC2-C5495EA55FFC}.Debug|Any CPU.ActiveCfg = Debug|Any CPU
		{71CC3922-9526-4F3F-BCC2-C5495EA55FFC}.Debug|Any CPU.Build.0 = Debug|Any CPU
		{71CC3922-9526-4F3F-BCC2-C5495EA55FFC}.Release|Any CPU.ActiveCfg = Release|Any CPU
		{71CC3922-9526-4F3F-BCC2-C5495EA55FFC}.Release|Any CPU.Build.0 = Release|Any CPU
		{C377A0C4-BF81-40EC-96E4-A15A09A3F13B}.Debug|Any CPU.ActiveCfg = Debug|Any CPU
		{C377A0C4-BF81-40EC-96E4-A15A09A3F13B}.Debug|Any CPU.Build.0 = Debug|Any CPU
		{C377A0C4-BF81-40EC-96E4-A15A09A3F13B}.Release|Any CPU.ActiveCfg = Release|Any CPU
		{C377A0C4-BF81-40EC-96E4-A15A09A3F13B}.Release|Any CPU.Build.0 = Release|Any CPU
		{DCD120A5-F962-4BC6-8B62-FDE69DB7911C}.Debug|Any CPU.ActiveCfg = Debug|Any CPU
		{DCD120A5-F962-4BC6-8B62-FDE69DB7911C}.Debug|Any CPU.Build.0 = Debug|Any CPU
		{DCD120A5-F962-4BC6-8B62-FDE69DB7911C}.Release|Any CPU.ActiveCfg = Release|Any CPU
		{DCD120A5-F962-4BC6-8B62-FDE69DB7911C}.Release|Any CPU.Build.0 = Release|Any CPU
	EndGlobalSection
	GlobalSection(SolutionProperties) = preSolution
		HideSolutionNode = FALSE
	EndGlobalSection
	GlobalSection(NestedProjects) = preSolution
		{4803736F-531F-44C1-BD2A-FB2D236CFDC7} = {A1595204-0BDB-4138-82BD-08CD6B6C4D6E}
		{A291AFE7-4391-442F-84A6-F3A6832EC117} = {A1595204-0BDB-4138-82BD-08CD6B6C4D6E}
	EndGlobalSection
	GlobalSection(ExtensibilityGlobals) = postSolution
		SolutionGuid = {5DBA434E-A7B2-41E6-A262-F9E76626765F}
	EndGlobalSection
EndGlobal
